
Microsoft Visual Studio Solution File, Format Version 12.00
# Visual Studio 15
VisualStudioVersion = 15.0.26124.0
MinimumVisualStudioVersion = 15.0.26124.0
Project("{FAE04EC0-301F-11D3-BF4B-00C04F79EFBC}") = "SHS", "SHS\SHS.csproj", "{41C8F51E-B2F9-4778-B6F1-34EE2BFF7042}"
EndProject
Project("{FAE04EC0-301F-11D3-BF4B-00C04F79EFBC}") = "SHC", "SHC\SHC.csproj", "{60D527FB-0B19-4A0B-84AB-81556927969B}"
EndProject
Global
	GlobalSection(SolutionConfigurationPlatforms) = preSolution
		Debug|Any CPU = Debug|Any CPU
		Debug|x64 = Debug|x64
		Debug|x86 = Debug|x86
		Release|Any CPU = Release|Any CPU
		Release|x64 = Release|x64
		Release|x86 = Release|x86
	EndGlobalSection
	GlobalSection(SolutionProperties) = preSolution
		HideSolutionNode = FALSE
	EndGlobalSection
	GlobalSection(ProjectConfigurationPlatforms) = postSolution
		{41C8F51E-B2F9-4778-B6F1-34EE2BFF7042}.Debug|Any CPU.ActiveCfg = Debug|Any CPU
		{41C8F51E-B2F9-4778-B6F1-34EE2BFF7042}.Debug|Any CPU.Build.0 = Debug|Any CPU
		{41C8F51E-B2F9-4778-B6F1-34EE2BFF7042}.Debug|x64.ActiveCfg = Debug|Any CPU
		{41C8F51E-B2F9-4778-B6F1-34EE2BFF7042}.Debug|x64.Build.0 = Debug|Any CPU
		{41C8F51E-B2F9-4778-B6F1-34EE2BFF7042}.Debug|x86.ActiveCfg = Debug|Any CPU
		{41C8F51E-B2F9-4778-B6F1-34EE2BFF7042}.Debug|x86.Build.0 = Debug|Any CPU
		{41C8F51E-B2F9-4778-B6F1-34EE2BFF7042}.Release|Any CPU.ActiveCfg = Release|Any CPU
		{41C8F51E-B2F9-4778-B6F1-34EE2BFF7042}.Release|Any CPU.Build.0 = Release|Any CPU
		{41C8F51E-B2F9-4778-B6F1-34EE2BFF7042}.Release|x64.ActiveCfg = Release|Any CPU
		{41C8F51E-B2F9-4778-B6F1-34EE2BFF7042}.Release|x64.Build.0 = Release|Any CPU
		{41C8F51E-B2F9-4778-B6F1-34EE2BFF7042}.Release|x86.ActiveCfg = Release|Any CPU
		{41C8F51E-B2F9-4778-B6F1-34EE2BFF7042}.Release|x86.Build.0 = Release|Any CPU
		{60D527FB-0B19-4A0B-84AB-81556927969B}.Debug|Any CPU.ActiveCfg = Debug|Any CPU
		{60D527FB-0B19-4A0B-84AB-81556927969B}.Debug|Any CPU.Build.0 = Debug|Any CPU
		{60D527FB-0B19-4A0B-84AB-81556927969B}.Debug|x64.ActiveCfg = Debug|Any CPU
		{60D527FB-0B19-4A0B-84AB-81556927969B}.Debug|x64.Build.0 = Debug|Any CPU
		{60D527FB-0B19-4A0B-84AB-81556927969B}.Debug|x86.ActiveCfg = Debug|Any CPU
		{60D527FB-0B19-4A0B-84AB-81556927969B}.Debug|x86.Build.0 = Debug|Any CPU
		{60D527FB-0B19-4A0B-84AB-81556927969B}.Release|Any CPU.ActiveCfg = Release|Any CPU
		{60D527FB-0B19-4A0B-84AB-81556927969B}.Release|Any CPU.Build.0 = Release|Any CPU
		{60D527FB-0B19-4A0B-84AB-81556927969B}.Release|x64.ActiveCfg = Release|Any CPU
		{60D527FB-0B19-4A0B-84AB-81556927969B}.Release|x64.Build.0 = Release|Any CPU
		{60D527FB-0B19-4A0B-84AB-81556927969B}.Release|x86.ActiveCfg = Release|Any CPU
		{60D527FB-0B19-4A0B-84AB-81556927969B}.Release|x86.Build.0 = Release|Any CPU
	EndGlobalSection
EndGlobal
